
Microsoft Visual Studio Solution File, Format Version 12.00
# Visual Studio Version 17
VisualStudioVersion = 17.11.35327.3
MinimumVisualStudioVersion = 10.0.40219.1
Project("{FAE04EC0-301F-11D3-BF4B-00C04F79EFBC}") = "HelloWorld", "HelloWorld\HelloWorld.csproj", "{3FCD9080-D253-4B10-A497-C270B8208BAD}"
EndProject
Global
	GlobalSection(SolutionConfigurationPlatforms) = preSolution
		Debug|Any CPU = Debug|Any CPU
		Release|Any CPU = Release|Any CPU
	EndGlobalSection
	GlobalSection(ProjectConfigurationPlatforms) = postSolution
		{3FCD9080-D253-4B10-A497-C270B8208BAD}.Debug|Any CPU.ActiveCfg = Debug|Any CPU
		{3FCD9080-D253-4B10-A497-C270B8208BAD}.Debug|Any CPU.Build.0 = Debug|Any CPU
		{3FCD9080-D253-4B10-A497-C270B8208BAD}.Release|Any CPU.ActiveCfg = Release|Any CPU
		{3FCD9080-D253-4B10-A497-C270B8208BAD}.Release|Any CPU.Build.0 = Release|Any CPU
	EndGlobalSection
	GlobalSection(SolutionProperties) = preSolution
		HideSolutionNode = FALSE
	EndGlobalSection
	GlobalSection(ExtensibilityGlobals) = postSolution
		SolutionGuid = {CED90366-8C65-4268-B812-24ED92D3E534}
	EndGlobalSection
EndGlobal
